// !$*UTF8*$!
{
	archiveVersion = 1;
	classes = {
	};
	objectVersion = 56;
	objects = {

/* Begin PBXBuildFile section */
		592AD05E2B1A83FE00AA370D /* ex2.swift in Sources */ = {isa = PBXBuildFile; fileRef = 592AD05D2B1A83FE00AA370D /* ex2.swift */; };
		592AD0632B1A856800AA370D /* main.swift in Sources */ = {isa = PBXBuildFile; fileRef = 592AD0622B1A856800AA370D /* main.swift */; };
		592AD0652B1A860500AA370D /* common.swift in Sources */ = {isa = PBXBuildFile; fileRef = 592AD0642B1A860500AA370D /* common.swift */; };
		59F98F242B1A54EE0027B3DE /* ex1.swift in Sources */ = {isa = PBXBuildFile; fileRef = 59F98F232B1A54EE0027B3DE /* ex1.swift */; };
/* End PBXBuildFile section */

/* Begin PBXCopyFilesBuildPhase section */
		59F98F1E2B1A54EE0027B3DE /* CopyFiles */ = {
			isa = PBXCopyFilesBuildPhase;
			buildActionMask = 2147483647;
			dstPath = /usr/share/man/man1/;
			dstSubfolderSpec = 0;
			files = (
			);
			runOnlyForDeploymentPostprocessing = 1;
		};
/* End PBXCopyFilesBuildPhase section */

/* Begin PBXFileReference section */
		592AD05A2B1A5E0700AA370D /* input1 */ = {isa = PBXFileReference; lastKnownFileType = text; path = input1; sourceTree = "<group>"; };
		592AD05B2B1A5E1300AA370D /* input2 */ = {isa = PBXFileReference; lastKnownFileType = text; path = input2; sourceTree = "<group>"; };
		592AD05D2B1A83FE00AA370D /* ex2.swift */ = {isa = PBXFileReference; lastKnownFileType = sourcecode.swift; path = ex2.swift; sourceTree = "<group>"; };
		592AD0612B1A851400AA370D /* input1 */ = {isa = PBXFileReference; lastKnownFileType = text; path = input1; sourceTree = "<group>"; };
		592AD0622B1A856800AA370D /* main.swift */ = {isa = PBXFileReference; lastKnownFileType = sourcecode.swift; path = main.swift; sourceTree = "<group>"; };
		592AD0642B1A860500AA370D /* common.swift */ = {isa = PBXFileReference; lastKnownFileType = sourcecode.swift; path = common.swift; sourceTree = "<group>"; };
		592AD0662B1A8AD400AA370D /* input2 */ = {isa = PBXFileReference; lastKnownFileType = text; path = input2; sourceTree = "<group>"; };
		59F98F202B1A54EE0027B3DE /* AdventOfCode */ = {isa = PBXFileReference; explicitFileType = "compiled.mach-o.executable"; includeInIndex = 0; path = AdventOfCode; sourceTree = BUILT_PRODUCTS_DIR; };
		59F98F232B1A54EE0027B3DE /* ex1.swift */ = {isa = PBXFileReference; lastKnownFileType = sourcecode.swift; path = ex1.swift; sourceTree = "<group>"; };
/* End PBXFileReference section */

/* Begin PBXFrameworksBuildPhase section */
		59F98F1D2B1A54EE0027B3DE /* Frameworks */ = {
			isa = PBXFrameworksBuildPhase;
			buildActionMask = 2147483647;
			files = (
			);
			runOnlyForDeploymentPostprocessing = 0;
		};
/* End PBXFrameworksBuildPhase section */

/* Begin PBXGroup section */
		592AD0562B1A5D8400AA370D /* Day 1 */ = {
			isa = PBXGroup;
			children = (
				592AD05C2B1A83E600AA370D /* Ex 2 */,
				592AD0572B1A5D9500AA370D /* Ex 1 */,
				592AD0642B1A860500AA370D /* common.swift */,
			);
			path = "Day 1";
			sourceTree = "<group>";
		};
		592AD0572B1A5D9500AA370D /* Ex 1 */ = {
			isa = PBXGroup;
			children = (
				59F98F232B1A54EE0027B3DE /* ex1.swift */,
				592AD05A2B1A5E0700AA370D /* input1 */,
				592AD05B2B1A5E1300AA370D /* input2 */,
			);
			path = "Ex 1";
			sourceTree = "<group>";
		};
		592AD05C2B1A83E600AA370D /* Ex 2 */ = {
			isa = PBXGroup;
			children = (
				592AD05D2B1A83FE00AA370D /* ex2.swift */,
				592AD0612B1A851400AA370D /* input1 */,
				592AD0662B1A8AD400AA370D /* input2 */,
			);
			path = "Ex 2";
			sourceTree = "<group>";
		};
		59F98F172B1A54EE0027B3DE = {
			isa = PBXGroup;
			children = (
				59F98F222B1A54EE0027B3DE /* AdventOfCode */,
				59F98F212B1A54EE0027B3DE /* Products */,
			);
			sourceTree = "<group>";
		};
		59F98F212B1A54EE0027B3DE /* Products */ = {
			isa = PBXGroup;
			children = (
				59F98F202B1A54EE0027B3DE /* AdventOfCode */,
			);
			name = Products;
			sourceTree = "<group>";
		};
		59F98F222B1A54EE0027B3DE /* AdventOfCode */ = {
			isa = PBXGroup;
			children = (
				592AD0562B1A5D8400AA370D /* Day 1 */,
				592AD0622B1A856800AA370D /* main.swift */,
			);
			path = AdventOfCode;
			sourceTree = "<group>";
		};
/* End PBXGroup section */

/* Begin PBXNativeTarget section */
		59F98F1F2B1A54EE0027B3DE /* AdventOfCode */ = {
			isa = PBXNativeTarget;
			buildConfigurationList = 59F98F272B1A54EE0027B3DE /* Build configuration list for PBXNativeTarget "AdventOfCode" */;
			buildPhases = (
				59F98F1C2B1A54EE0027B3DE /* Sources */,
				59F98F1D2B1A54EE0027B3DE /* Frameworks */,
				59F98F1E2B1A54EE0027B3DE /* CopyFiles */,
			);
			buildRules = (
			);
			dependencies = (
			);
			name = AdventOfCode;
			productName = AdventOfCode;
			productReference = 59F98F202B1A54EE0027B3DE /* AdventOfCode */;
			productType = "com.apple.product-type.tool";
		};
/* End PBXNativeTarget section */

/* Begin PBXProject section */
		59F98F182B1A54EE0027B3DE /* Project object */ = {
			isa = PBXProject;
			attributes = {
				BuildIndependentTargetsInParallel = 1;
				LastSwiftUpdateCheck = 1500;
				LastUpgradeCheck = 1500;
				TargetAttributes = {
					59F98F1F2B1A54EE0027B3DE = {
						CreatedOnToolsVersion = 15.0.1;
					};
				};
			};
			buildConfigurationList = 59F98F1B2B1A54EE0027B3DE /* Build configuration list for PBXProject "AdventOfCode" */;
			compatibilityVersion = "Xcode 14.0";
			developmentRegion = en;
			hasScannedForEncodings = 0;
			knownRegions = (
				en,
				Base,
			);
			mainGroup = 59F98F172B1A54EE0027B3DE;
			productRefGroup = 59F98F212B1A54EE0027B3DE /* Products */;
			projectDirPath = "";
			projectRoot = "";
			targets = (
				59F98F1F2B1A54EE0027B3DE /* AdventOfCode */,
			);
		};
/* End PBXProject section */

/* Begin PBXSourcesBuildPhase section */
		59F98F1C2B1A54EE0027B3DE /* Sources */ = {
			isa = PBXSourcesBuildPhase;
			buildActionMask = 2147483647;
			files = (
				592AD0652B1A860500AA370D /* common.swift in Sources */,
				592AD05E2B1A83FE00AA370D /* ex2.swift in Sources */,
				59F98F242B1A54EE0027B3DE /* ex1.swift in Sources */,
				592AD0632B1A856800AA370D /* main.swift in Sources */,
			);
			runOnlyForDeploymentPostprocessing = 0;
		};
/* End PBXSourcesBuildPhase section */

/* Begin XCBuildConfiguration section */
		59F98F252B1A54EE0027B3DE /* Debug */ = {
			isa = XCBuildConfiguration;
			buildSettings = {
				ALWAYS_SEARCH_USER_PATHS = NO;
				ASSETCATALOG_COMPILER_GENERATE_SWIFT_ASSET_SYMBOL_EXTENSIONS = YES;
				CLANG_ANALYZER_NONNULL = YES;
				CLANG_ANALYZER_NUMBER_OBJECT_CONVERSION = YES_AGGRESSIVE;
				CLANG_CXX_LANGUAGE_STANDARD = "gnu++20";
				CLANG_ENABLE_MODULES = YES;
				CLANG_ENABLE_OBJC_ARC = YES;
				CLANG_ENABLE_OBJC_WEAK = YES;
				CLANG_WARN_BLOCK_CAPTURE_AUTORELEASING = YES;
				CLANG_WARN_BOOL_CONVERSION = YES;
				CLANG_WARN_COMMA = YES;
				CLANG_WARN_CONSTANT_CONVERSION = YES;
				CLANG_WARN_DEPRECATED_OBJC_IMPLEMENTATIONS = YES;
				CLANG_WARN_DIRECT_OBJC_ISA_USAGE = YES_ERROR;
				CLANG_WARN_DOCUMENTATION_COMMENTS = YES;
				CLANG_WARN_EMPTY_BODY = YES;
				CLANG_WARN_ENUM_CONVERSION = YES;
				CLANG_WARN_INFINITE_RECURSION = YES;
				CLANG_WARN_INT_CONVERSION = YES;
				CLANG_WARN_NON_LITERAL_NULL_CONVERSION = YES;
				CLANG_WARN_OBJC_IMPLICIT_RETAIN_SELF = YES;
				CLANG_WARN_OBJC_LITERAL_CONVERSION = YES;
				CLANG_WARN_OBJC_ROOT_CLASS = YES_ERROR;
				CLANG_WARN_QUOTED_INCLUDE_IN_FRAMEWORK_HEADER = YES;
				CLANG_WARN_RANGE_LOOP_ANALYSIS = YES;
				CLANG_WARN_STRICT_PROTOTYPES = YES;
				CLANG_WARN_SUSPICIOUS_MOVE = YES;
				CLANG_WARN_UNGUARDED_AVAILABILITY = YES_AGGRESSIVE;
				CLANG_WARN_UNREACHABLE_CODE = YES;
				CLANG_WARN__DUPLICATE_METHOD_MATCH = YES;
				COPY_PHASE_STRIP = NO;
				DEBUG_INFORMATION_FORMAT = dwarf;
				ENABLE_STRICT_OBJC_MSGSEND = YES;
				ENABLE_TESTABILITY = YES;
				ENABLE_USER_SCRIPT_SANDBOXING = YES;
				GCC_C_LANGUAGE_STANDARD = gnu17;
				GCC_DYNAMIC_NO_PIC = NO;
				GCC_NO_COMMON_BLOCKS = YES;
				GCC_OPTIMIZATION_LEVEL = 0;
				GCC_PREPROCESSOR_DEFINITIONS = (
					"DEBUG=1",
					"$(inherited)",
				);
				GCC_WARN_64_TO_32_BIT_CONVERSION = YES;
				GCC_WARN_ABOUT_RETURN_TYPE = YES_ERROR;
				GCC_WARN_UNDECLARED_SELECTOR = YES;
				GCC_WARN_UNINITIALIZED_AUTOS = YES_AGGRESSIVE;
				GCC_WARN_UNUSED_FUNCTION = YES;
				GCC_WARN_UNUSED_VARIABLE = YES;
				LOCALIZATION_PREFERS_STRING_CATALOGS = YES;
				MACOSX_DEPLOYMENT_TARGET = 14.0;
				MTL_ENABLE_DEBUG_INFO = INCLUDE_SOURCE;
				MTL_FAST_MATH = YES;
				ONLY_ACTIVE_ARCH = YES;
				SDKROOT = macosx;
				SWIFT_ACTIVE_COMPILATION_CONDITIONS = "DEBUG $(inherited)";
				SWIFT_OPTIMIZATION_LEVEL = "-Onone";
			};
			name = Debug;
		};
		59F98F262B1A54EE0027B3DE /* Release */ = {
			isa = XCBuildConfiguration;
			buildSettings = {
				ALWAYS_SEARCH_USER_PATHS = NO;
				ASSETCATALOG_COMPILER_GENERATE_SWIFT_ASSET_SYMBOL_EXTENSIONS = YES;
				CLANG_ANALYZER_NONNULL = YES;
				CLANG_ANALYZER_NUMBER_OBJECT_CONVERSION = YES_AGGRESSIVE;
				CLANG_CXX_LANGUAGE_STANDARD = "gnu++20";
				CLANG_ENABLE_MODULES = YES;
				CLANG_ENABLE_OBJC_ARC = YES;
				CLANG_ENABLE_OBJC_WEAK = YES;
				CLANG_WARN_BLOCK_CAPTURE_AUTORELEASING = YES;
				CLANG_WARN_BOOL_CONVERSION = YES;
				CLANG_WARN_COMMA = YES;
				CLANG_WARN_CONSTANT_CONVERSION = YES;
				CLANG_WARN_DEPRECATED_OBJC_IMPLEMENTATIONS = YES;
				CLANG_WARN_DIRECT_OBJC_ISA_USAGE = YES_ERROR;
				CLANG_WARN_DOCUMENTATION_COMMENTS = YES;
				CLANG_WARN_EMPTY_BODY = YES;
				CLANG_WARN_ENUM_CONVERSION = YES;
				CLANG_WARN_INFINITE_RECURSION = YES;
				CLANG_WARN_INT_CONVERSION = YES;
				CLANG_WARN_NON_LITERAL_NULL_CONVERSION = YES;
				CLANG_WARN_OBJC_IMPLICIT_RETAIN_SELF = YES;
				CLANG_WARN_OBJC_LITERAL_CONVERSION = YES;
				CLANG_WARN_OBJC_ROOT_CLASS = YES_ERROR;
				CLANG_WARN_QUOTED_INCLUDE_IN_FRAMEWORK_HEADER = YES;
				CLANG_WARN_RANGE_LOOP_ANALYSIS = YES;
				CLANG_WARN_STRICT_PROTOTYPES = YES;
				CLANG_WARN_SUSPICIOUS_MOVE = YES;
				CLANG_WARN_UNGUARDED_AVAILABILITY = YES_AGGRESSIVE;
				CLANG_WARN_UNREACHABLE_CODE = YES;
				CLANG_WARN__DUPLICATE_METHOD_MATCH = YES;
				COPY_PHASE_STRIP = NO;
				DEBUG_INFORMATION_FORMAT = "dwarf-with-dsym";
				ENABLE_NS_ASSERTIONS = NO;
				ENABLE_STRICT_OBJC_MSGSEND = YES;
				ENABLE_USER_SCRIPT_SANDBOXING = YES;
				GCC_C_LANGUAGE_STANDARD = gnu17;
				GCC_NO_COMMON_BLOCKS = YES;
				GCC_WARN_64_TO_32_BIT_CONVERSION = YES;
				GCC_WARN_ABOUT_RETURN_TYPE = YES_ERROR;
				GCC_WARN_UNDECLARED_SELECTOR = YES;
				GCC_WARN_UNINITIALIZED_AUTOS = YES_AGGRESSIVE;
				GCC_WARN_UNUSED_FUNCTION = YES;
				GCC_WARN_UNUSED_VARIABLE = YES;
				LOCALIZATION_PREFERS_STRING_CATALOGS = YES;
				MACOSX_DEPLOYMENT_TARGET = 14.0;
				MTL_ENABLE_DEBUG_INFO = NO;
				MTL_FAST_MATH = YES;
				SDKROOT = macosx;
				SWIFT_COMPILATION_MODE = wholemodule;
			};
			name = Release;
		};
		59F98F282B1A54EE0027B3DE /* Debug */ = {
			isa = XCBuildConfiguration;
			buildSettings = {
				"CODE_SIGN_IDENTITY[sdk=macosx*]" = "-";
				CODE_SIGN_STYLE = Automatic;
				DEVELOPMENT_TEAM = HR7479Y2D4;
				ENABLE_HARDENED_RUNTIME = YES;
				PRODUCT_NAME = "$(TARGET_NAME)";
				SWIFT_VERSION = 5.0;
			};
			name = Debug;
		};
		59F98F292B1A54EE0027B3DE /* Release */ = {
			isa = XCBuildConfiguration;
			buildSettings = {
				"CODE_SIGN_IDENTITY[sdk=macosx*]" = "-";
				CODE_SIGN_STYLE = Automatic;
				DEVELOPMENT_TEAM = HR7479Y2D4;
				ENABLE_HARDENED_RUNTIME = YES;
				PRODUCT_NAME = "$(TARGET_NAME)";
				SWIFT_VERSION = 5.0;
			};
			name = Release;
		};
/* End XCBuildConfiguration section */

/* Begin XCConfigurationList section */
		59F98F1B2B1A54EE0027B3DE /* Build configuration list for PBXProject "AdventOfCode" */ = {
			isa = XCConfigurationList;
			buildConfigurations = (
				59F98F252B1A54EE0027B3DE /* Debug */,
				59F98F262B1A54EE0027B3DE /* Release */,
			);
			defaultConfigurationIsVisible = 0;
			defaultConfigurationName = Release;
		};
		59F98F272B1A54EE0027B3DE /* Build configuration list for PBXNativeTarget "AdventOfCode" */ = {
			isa = XCConfigurationList;
			buildConfigurations = (
				59F98F282B1A54EE0027B3DE /* Debug */,
				59F98F292B1A54EE0027B3DE /* Release */,
			);
			defaultConfigurationIsVisible = 0;
			defaultConfigurationName = Release;
		};
/* End XCConfigurationList section */
	};
	rootObject = 59F98F182B1A54EE0027B3DE /* Project object */;
}
